// !$*UTF8*$!
{
	archiveVersion = 1;
	classes = {
	};
	objectVersion = 56;
	objects = {

/* Begin PBXBuildFile section */
		3321CF962ADC4E0A00BC440E /* FinancesInfoApp.swift in Sources */ = {isa = PBXBuildFile; fileRef = 3321CF952ADC4E0A00BC440E /* FinancesInfoApp.swift */; };
		3321CF982ADC4E0A00BC440E /* ContentView.swift in Sources */ = {isa = PBXBuildFile; fileRef = 3321CF972ADC4E0A00BC440E /* ContentView.swift */; };
		3321CF9A2ADC4E0B00BC440E /* Assets.xcassets in Resources */ = {isa = PBXBuildFile; fileRef = 3321CF992ADC4E0B00BC440E /* Assets.xcassets */; };
		3321CF9D2ADC4E0B00BC440E /* Preview Assets.xcassets in Resources */ = {isa = PBXBuildFile; fileRef = 3321CF9C2ADC4E0B00BC440E /* Preview Assets.xcassets */; };
		3321CFA72ADC4E0B00BC440E /* FinancesInfoTests.swift in Sources */ = {isa = PBXBuildFile; fileRef = 3321CFA62ADC4E0B00BC440E /* FinancesInfoTests.swift */; };
		3321CFB12ADC4E0B00BC440E /* FinancesInfoUITests.swift in Sources */ = {isa = PBXBuildFile; fileRef = 3321CFB02ADC4E0B00BC440E /* FinancesInfoUITests.swift */; };
		3321CFB32ADC4E0B00BC440E /* FinancesInfoUITestsLaunchTests.swift in Sources */ = {isa = PBXBuildFile; fileRef = 3321CFB22ADC4E0B00BC440E /* FinancesInfoUITestsLaunchTests.swift */; };
/* End PBXBuildFile section */

/* Begin PBXContainerItemProxy section */
		3321CFA32ADC4E0B00BC440E /* PBXContainerItemProxy */ = {
			isa = PBXContainerItemProxy;
			containerPortal = 3321CF8A2ADC4E0A00BC440E /* Project object */;
			proxyType = 1;
			remoteGlobalIDString = 3321CF912ADC4E0A00BC440E;
			remoteInfo = FinancesInfo;
		};
		3321CFAD2ADC4E0B00BC440E /* PBXContainerItemProxy */ = {
			isa = PBXContainerItemProxy;
			containerPortal = 3321CF8A2ADC4E0A00BC440E /* Project object */;
			proxyType = 1;
			remoteGlobalIDString = 3321CF912ADC4E0A00BC440E;
			remoteInfo = FinancesInfo;
		};
/* End PBXContainerItemProxy section */

/* Begin PBXFileReference section */
		3321CF922ADC4E0A00BC440E /* FinancesInfo.app */ = {isa = PBXFileReference; explicitFileType = wrapper.application; includeInIndex = 0; path = FinancesInfo.app; sourceTree = BUILT_PRODUCTS_DIR; };
		3321CF952ADC4E0A00BC440E /* FinancesInfoApp.swift */ = {isa = PBXFileReference; lastKnownFileType = sourcecode.swift; path = FinancesInfoApp.swift; sourceTree = "<group>"; };
		3321CF972ADC4E0A00BC440E /* ContentView.swift */ = {isa = PBXFileReference; lastKnownFileType = sourcecode.swift; path = ContentView.swift; sourceTree = "<group>"; };
		3321CF992ADC4E0B00BC440E /* Assets.xcassets */ = {isa = PBXFileReference; lastKnownFileType = folder.assetcatalog; path = Assets.xcassets; sourceTree = "<group>"; };
		3321CF9C2ADC4E0B00BC440E /* Preview Assets.xcassets */ = {isa = PBXFileReference; lastKnownFileType = folder.assetcatalog; path = "Preview Assets.xcassets"; sourceTree = "<group>"; };
		3321CFA22ADC4E0B00BC440E /* FinancesInfoTests.xctest */ = {isa = PBXFileReference; explicitFileType = wrapper.cfbundle; includeInIndex = 0; path = FinancesInfoTests.xctest; sourceTree = BUILT_PRODUCTS_DIR; };
		3321CFA62ADC4E0B00BC440E /* FinancesInfoTests.swift */ = {isa = PBXFileReference; lastKnownFileType = sourcecode.swift; path = FinancesInfoTests.swift; sourceTree = "<group>"; };
		3321CFAC2ADC4E0B00BC440E /* FinancesInfoUITests.xctest */ = {isa = PBXFileReference; explicitFileType = wrapper.cfbundle; includeInIndex = 0; path = FinancesInfoUITests.xctest; sourceTree = BUILT_PRODUCTS_DIR; };
		3321CFB02ADC4E0B00BC440E /* FinancesInfoUITests.swift */ = {isa = PBXFileReference; lastKnownFileType = sourcecode.swift; path = FinancesInfoUITests.swift; sourceTree = "<group>"; };
		3321CFB22ADC4E0B00BC440E /* FinancesInfoUITestsLaunchTests.swift */ = {isa = PBXFileReference; lastKnownFileType = sourcecode.swift; path = FinancesInfoUITestsLaunchTests.swift; sourceTree = "<group>"; };
/* End PBXFileReference section */

/* Begin PBXFrameworksBuildPhase section */
		3321CF8F2ADC4E0A00BC440E /* Frameworks */ = {
			isa = PBXFrameworksBuildPhase;
			buildActionMask = 2147483647;
			files = (
			);
			runOnlyForDeploymentPostprocessing = 0;
		};
		3321CF9F2ADC4E0B00BC440E /* Frameworks */ = {
			isa = PBXFrameworksBuildPhase;
			buildActionMask = 2147483647;
			files = (
			);
			runOnlyForDeploymentPostprocessing = 0;
		};
		3321CFA92ADC4E0B00BC440E /* Frameworks */ = {
			isa = PBXFrameworksBuildPhase;
			buildActionMask = 2147483647;
			files = (
			);
			runOnlyForDeploymentPostprocessing = 0;
		};
/* End PBXFrameworksBuildPhase section */

/* Begin PBXGroup section */
		3321CF892ADC4E0A00BC440E = {
			isa = PBXGroup;
			children = (
				3321CF942ADC4E0A00BC440E /* FinancesInfo */,
				3321CFA52ADC4E0B00BC440E /* FinancesInfoTests */,
				3321CFAF2ADC4E0B00BC440E /* FinancesInfoUITests */,
				3321CF932ADC4E0A00BC440E /* Products */,
			);
			sourceTree = "<group>";
		};
		3321CF932ADC4E0A00BC440E /* Products */ = {
			isa = PBXGroup;
			children = (
				3321CF922ADC4E0A00BC440E /* FinancesInfo.app */,
				3321CFA22ADC4E0B00BC440E /* FinancesInfoTests.xctest */,
				3321CFAC2ADC4E0B00BC440E /* FinancesInfoUITests.xctest */,
			);
			name = Products;
			sourceTree = "<group>";
		};
		3321CF942ADC4E0A00BC440E /* FinancesInfo */ = {
			isa = PBXGroup;
			children = (
				3321CF952ADC4E0A00BC440E /* FinancesInfoApp.swift */,
				3321CF972ADC4E0A00BC440E /* ContentView.swift */,
				3321CF992ADC4E0B00BC440E /* Assets.xcassets */,
				3321CF9B2ADC4E0B00BC440E /* Preview Content */,
			);
			path = FinancesInfo;
			sourceTree = "<group>";
		};
		3321CF9B2ADC4E0B00BC440E /* Preview Content */ = {
			isa = PBXGroup;
			children = (
				3321CF9C2ADC4E0B00BC440E /* Preview Assets.xcassets */,
			);
			path = "Preview Content";
			sourceTree = "<group>";
		};
		3321CFA52ADC4E0B00BC440E /* FinancesInfoTests */ = {
			isa = PBXGroup;
			children = (
				3321CFA62ADC4E0B00BC440E /* FinancesInfoTests.swift */,
			);
			path = FinancesInfoTests;
			sourceTree = "<group>";
		};
		3321CFAF2ADC4E0B00BC440E /* FinancesInfoUITests */ = {
			isa = PBXGroup;
			children = (
				3321CFB02ADC4E0B00BC440E /* FinancesInfoUITests.swift */,
				3321CFB22ADC4E0B00BC440E /* FinancesInfoUITestsLaunchTests.swift */,
			);
			path = FinancesInfoUITests;
			sourceTree = "<group>";
		};
/* End PBXGroup section */

/* Begin PBXNativeTarget section */
		3321CF912ADC4E0A00BC440E /* FinancesInfo */ = {
			isa = PBXNativeTarget;
			buildConfigurationList = 3321CFB62ADC4E0B00BC440E /* Build configuration list for PBXNativeTarget "FinancesInfo" */;
			buildPhases = (
				3321CF8E2ADC4E0A00BC440E /* Sources */,
				3321CF8F2ADC4E0A00BC440E /* Frameworks */,
				3321CF902ADC4E0A00BC440E /* Resources */,
			);
			buildRules = (
			);
			dependencies = (
			);
			name = FinancesInfo;
			productName = FinancesInfo;
			productReference = 3321CF922ADC4E0A00BC440E /* FinancesInfo.app */;
			productType = "com.apple.product-type.application";
		};
		3321CFA12ADC4E0B00BC440E /* FinancesInfoTests */ = {
			isa = PBXNativeTarget;
			buildConfigurationList = 3321CFB92ADC4E0B00BC440E /* Build configuration list for PBXNativeTarget "FinancesInfoTests" */;
			buildPhases = (
				3321CF9E2ADC4E0B00BC440E /* Sources */,
				3321CF9F2ADC4E0B00BC440E /* Frameworks */,
				3321CFA02ADC4E0B00BC440E /* Resources */,
			);
			buildRules = (
			);
			dependencies = (
				3321CFA42ADC4E0B00BC440E /* PBXTargetDependency */,
			);
			name = FinancesInfoTests;
			productName = FinancesInfoTests;
			productReference = 3321CFA22ADC4E0B00BC440E /* FinancesInfoTests.xctest */;
			productType = "com.apple.product-type.bundle.unit-test";
		};
		3321CFAB2ADC4E0B00BC440E /* FinancesInfoUITests */ = {
			isa = PBXNativeTarget;
			buildConfigurationList = 3321CFBC2ADC4E0B00BC440E /* Build configuration list for PBXNativeTarget "FinancesInfoUITests" */;
			buildPhases = (
				3321CFA82ADC4E0B00BC440E /* Sources */,
				3321CFA92ADC4E0B00BC440E /* Frameworks */,
				3321CFAA2ADC4E0B00BC440E /* Resources */,
			);
			buildRules = (
			);
			dependencies = (
				3321CFAE2ADC4E0B00BC440E /* PBXTargetDependency */,
			);
			name = FinancesInfoUITests;
			productName = FinancesInfoUITests;
			productReference = 3321CFAC2ADC4E0B00BC440E /* FinancesInfoUITests.xctest */;
			productType = "com.apple.product-type.bundle.ui-testing";
		};
/* End PBXNativeTarget section */

/* Begin PBXProject section */
		3321CF8A2ADC4E0A00BC440E /* Project object */ = {
			isa = PBXProject;
			attributes = {
				BuildIndependentTargetsInParallel = 1;
				LastSwiftUpdateCheck = 1500;
				LastUpgradeCheck = 1500;
				TargetAttributes = {
					3321CF912ADC4E0A00BC440E = {
						CreatedOnToolsVersion = 15.0;
					};
					3321CFA12ADC4E0B00BC440E = {
						CreatedOnToolsVersion = 15.0;
						TestTargetID = 3321CF912ADC4E0A00BC440E;
					};
					3321CFAB2ADC4E0B00BC440E = {
						CreatedOnToolsVersion = 15.0;
						TestTargetID = 3321CF912ADC4E0A00BC440E;
					};
				};
			};
			buildConfigurationList = 3321CF8D2ADC4E0A00BC440E /* Build configuration list for PBXProject "FinancesInfo" */;
			compatibilityVersion = "Xcode 14.0";
			developmentRegion = en;
			hasScannedForEncodings = 0;
			knownRegions = (
				en,
				Base,
			);
			mainGroup = 3321CF892ADC4E0A00BC440E;
			productRefGroup = 3321CF932ADC4E0A00BC440E /* Products */;
			projectDirPath = "";
			projectRoot = "";
			targets = (
				3321CF912ADC4E0A00BC440E /* FinancesInfo */,
				3321CFA12ADC4E0B00BC440E /* FinancesInfoTests */,
				3321CFAB2ADC4E0B00BC440E /* FinancesInfoUITests */,
			);
		};
/* End PBXProject section */

/* Begin PBXResourcesBuildPhase section */
		3321CF902ADC4E0A00BC440E /* Resources */ = {
			isa = PBXResourcesBuildPhase;
			buildActionMask = 2147483647;
			files = (
				3321CF9D2ADC4E0B00BC440E /* Preview Assets.xcassets in Resources */,
				3321CF9A2ADC4E0B00BC440E /* Assets.xcassets in Resources */,
			);
			runOnlyForDeploymentPostprocessing = 0;
		};
		3321CFA02ADC4E0B00BC440E /* Resources */ = {
			isa = PBXResourcesBuildPhase;
			buildActionMask = 2147483647;
			files = (
			);
			runOnlyForDeploymentPostprocessing = 0;
		};
		3321CFAA2ADC4E0B00BC440E /* Resources */ = {
			isa = PBXResourcesBuildPhase;
			buildActionMask = 2147483647;
			files = (
			);
			runOnlyForDeploymentPostprocessing = 0;
		};
/* End PBXResourcesBuildPhase section */

/* Begin PBXSourcesBuildPhase section */
		3321CF8E2ADC4E0A00BC440E /* Sources */ = {
			isa = PBXSourcesBuildPhase;
			buildActionMask = 2147483647;
			files = (
				3321CF982ADC4E0A00BC440E /* ContentView.swift in Sources */,
				3321CF962ADC4E0A00BC440E /* FinancesInfoApp.swift in Sources */,
			);
			runOnlyForDeploymentPostprocessing = 0;
		};
		3321CF9E2ADC4E0B00BC440E /* Sources */ = {
			isa = PBXSourcesBuildPhase;
			buildActionMask = 2147483647;
			files = (
				3321CFA72ADC4E0B00BC440E /* FinancesInfoTests.swift in Sources */,
			);
			runOnlyForDeploymentPostprocessing = 0;
		};
		3321CFA82ADC4E0B00BC440E /* Sources */ = {
			isa = PBXSourcesBuildPhase;
			buildActionMask = 2147483647;
			files = (
				3321CFB12ADC4E0B00BC440E /* FinancesInfoUITests.swift in Sources */,
				3321CFB32ADC4E0B00BC440E /* FinancesInfoUITestsLaunchTests.swift in Sources */,
			);
			runOnlyForDeploymentPostprocessing = 0;
		};
/* End PBXSourcesBuildPhase section */

/* Begin PBXTargetDependency section */
		3321CFA42ADC4E0B00BC440E /* PBXTargetDependency */ = {
			isa = PBXTargetDependency;
			target = 3321CF912ADC4E0A00BC440E /* FinancesInfo */;
			targetProxy = 3321CFA32ADC4E0B00BC440E /* PBXContainerItemProxy */;
		};
		3321CFAE2ADC4E0B00BC440E /* PBXTargetDependency */ = {
			isa = PBXTargetDependency;
			target = 3321CF912ADC4E0A00BC440E /* FinancesInfo */;
			targetProxy = 3321CFAD2ADC4E0B00BC440E /* PBXContainerItemProxy */;
		};
/* End PBXTargetDependency section */

/* Begin XCBuildConfiguration section */
		3321CFB42ADC4E0B00BC440E /* Debug */ = {
			isa = XCBuildConfiguration;
			buildSettings = {
				ALWAYS_SEARCH_USER_PATHS = NO;
				ASSETCATALOG_COMPILER_GENERATE_SWIFT_ASSET_SYMBOL_EXTENSIONS = YES;
				CLANG_ANALYZER_NONNULL = YES;
				CLANG_ANALYZER_NUMBER_OBJECT_CONVERSION = YES_AGGRESSIVE;
				CLANG_CXX_LANGUAGE_STANDARD = "gnu++20";
				CLANG_ENABLE_MODULES = YES;
				CLANG_ENABLE_OBJC_ARC = YES;
				CLANG_ENABLE_OBJC_WEAK = YES;
				CLANG_WARN_BLOCK_CAPTURE_AUTORELEASING = YES;
				CLANG_WARN_BOOL_CONVERSION = YES;
				CLANG_WARN_COMMA = YES;
				CLANG_WARN_CONSTANT_CONVERSION = YES;
				CLANG_WARN_DEPRECATED_OBJC_IMPLEMENTATIONS = YES;
				CLANG_WARN_DIRECT_OBJC_ISA_USAGE = YES_ERROR;
				CLANG_WARN_DOCUMENTATION_COMMENTS = YES;
				CLANG_WARN_EMPTY_BODY = YES;
				CLANG_WARN_ENUM_CONVERSION = YES;
				CLANG_WARN_INFINITE_RECURSION = YES;
				CLANG_WARN_INT_CONVERSION = YES;
				CLANG_WARN_NON_LITERAL_NULL_CONVERSION = YES;
				CLANG_WARN_OBJC_IMPLICIT_RETAIN_SELF = YES;
				CLANG_WARN_OBJC_LITERAL_CONVERSION = YES;
				CLANG_WARN_OBJC_ROOT_CLASS = YES_ERROR;
				CLANG_WARN_QUOTED_INCLUDE_IN_FRAMEWORK_HEADER = YES;
				CLANG_WARN_RANGE_LOOP_ANALYSIS = YES;
				CLANG_WARN_STRICT_PROTOTYPES = YES;
				CLANG_WARN_SUSPICIOUS_MOVE = YES;
				CLANG_WARN_UNGUARDED_AVAILABILITY = YES_AGGRESSIVE;
				CLANG_WARN_UNREACHABLE_CODE = YES;
				CLANG_WARN__DUPLICATE_METHOD_MATCH = YES;
				COPY_PHASE_STRIP = NO;
				DEBUG_INFORMATION_FORMAT = dwarf;
				ENABLE_STRICT_OBJC_MSGSEND = YES;
				ENABLE_TESTABILITY = YES;
				ENABLE_USER_SCRIPT_SANDBOXING = YES;
				GCC_C_LANGUAGE_STANDARD = gnu17;
				GCC_DYNAMIC_NO_PIC = NO;
				GCC_NO_COMMON_BLOCKS = YES;
				GCC_OPTIMIZATION_LEVEL = 0;
				GCC_PREPROCESSOR_DEFINITIONS = (
					"DEBUG=1",
					"$(inherited)",
				);
				GCC_WARN_64_TO_32_BIT_CONVERSION = YES;
				GCC_WARN_ABOUT_RETURN_TYPE = YES_ERROR;
				GCC_WARN_UNDECLARED_SELECTOR = YES;
				GCC_WARN_UNINITIALIZED_AUTOS = YES_AGGRESSIVE;
				GCC_WARN_UNUSED_FUNCTION = YES;
				GCC_WARN_UNUSED_VARIABLE = YES;
				IPHONEOS_DEPLOYMENT_TARGET = 17.0;
				LOCALIZATION_PREFERS_STRING_CATALOGS = YES;
				MTL_ENABLE_DEBUG_INFO = INCLUDE_SOURCE;
				MTL_FAST_MATH = YES;
				ONLY_ACTIVE_ARCH = YES;
				SDKROOT = iphoneos;
				SWIFT_ACTIVE_COMPILATION_CONDITIONS = "DEBUG $(inherited)";
				SWIFT_OPTIMIZATION_LEVEL = "-Onone";
			};
			name = Debug;
		};
		3321CFB52ADC4E0B00BC440E /* Release */ = {
			isa = XCBuildConfiguration;
			buildSettings = {
				ALWAYS_SEARCH_USER_PATHS = NO;
				ASSETCATALOG_COMPILER_GENERATE_SWIFT_ASSET_SYMBOL_EXTENSIONS = YES;
				CLANG_ANALYZER_NONNULL = YES;
				CLANG_ANALYZER_NUMBER_OBJECT_CONVERSION = YES_AGGRESSIVE;
				CLANG_CXX_LANGUAGE_STANDARD = "gnu++20";
				CLANG_ENABLE_MODULES = YES;
				CLANG_ENABLE_OBJC_ARC = YES;
				CLANG_ENABLE_OBJC_WEAK = YES;
				CLANG_WARN_BLOCK_CAPTURE_AUTORELEASING = YES;
				CLANG_WARN_BOOL_CONVERSION = YES;
				CLANG_WARN_COMMA = YES;
				CLANG_WARN_CONSTANT_CONVERSION = YES;
				CLANG_WARN_DEPRECATED_OBJC_IMPLEMENTATIONS = YES;
				CLANG_WARN_DIRECT_OBJC_ISA_USAGE = YES_ERROR;
				CLANG_WARN_DOCUMENTATION_COMMENTS = YES;
				CLANG_WARN_EMPTY_BODY = YES;
				CLANG_WARN_ENUM_CONVERSION = YES;
				CLANG_WARN_INFINITE_RECURSION = YES;
				CLANG_WARN_INT_CONVERSION = YES;
				CLANG_WARN_NON_LITERAL_NULL_CONVERSION = YES;
				CLANG_WARN_OBJC_IMPLICIT_RETAIN_SELF = YES;
				CLANG_WARN_OBJC_LITERAL_CONVERSION = YES;
				CLANG_WARN_OBJC_ROOT_CLASS = YES_ERROR;
				CLANG_WARN_QUOTED_INCLUDE_IN_FRAMEWORK_HEADER = YES;
				CLANG_WARN_RANGE_LOOP_ANALYSIS = YES;
				CLANG_WARN_STRICT_PROTOTYPES = YES;
				CLANG_WARN_SUSPICIOUS_MOVE = YES;
				CLANG_WARN_UNGUARDED_AVAILABILITY = YES_AGGRESSIVE;
				CLANG_WARN_UNREACHABLE_CODE = YES;
				CLANG_WARN__DUPLICATE_METHOD_MATCH = YES;
				COPY_PHASE_STRIP = NO;
				DEBUG_INFORMATION_FORMAT = "dwarf-with-dsym";
				ENABLE_NS_ASSERTIONS = NO;
				ENABLE_STRICT_OBJC_MSGSEND = YES;
				ENABLE_USER_SCRIPT_SANDBOXING = YES;
				GCC_C_LANGUAGE_STANDARD = gnu17;
				GCC_NO_COMMON_BLOCKS = YES;
				GCC_WARN_64_TO_32_BIT_CONVERSION = YES;
				GCC_WARN_ABOUT_RETURN_TYPE = YES_ERROR;
				GCC_WARN_UNDECLARED_SELECTOR = YES;
				GCC_WARN_UNINITIALIZED_AUTOS = YES_AGGRESSIVE;
				GCC_WARN_UNUSED_FUNCTION = YES;
				GCC_WARN_UNUSED_VARIABLE = YES;
				IPHONEOS_DEPLOYMENT_TARGET = 17.0;
				LOCALIZATION_PREFERS_STRING_CATALOGS = YES;
				MTL_ENABLE_DEBUG_INFO = NO;
				MTL_FAST_MATH = YES;
				SDKROOT = iphoneos;
				SWIFT_COMPILATION_MODE = wholemodule;
				VALIDATE_PRODUCT = YES;
			};
			name = Release;
		};
		3321CFB72ADC4E0B00BC440E /* Debug */ = {
			isa = XCBuildConfiguration;
			buildSettings = {
				ASSETCATALOG_COMPILER_APPICON_NAME = AppIcon;
				ASSETCATALOG_COMPILER_GLOBAL_ACCENT_COLOR_NAME = AccentColor;
				CODE_SIGN_STYLE = Automatic;
				CURRENT_PROJECT_VERSION = 1;
				DEVELOPMENT_ASSET_PATHS = "\"FinancesInfo/Preview Content\"";
				ENABLE_PREVIEWS = YES;
				GENERATE_INFOPLIST_FILE = YES;
				INFOPLIST_KEY_UIApplicationSceneManifest_Generation = YES;
				INFOPLIST_KEY_UIApplicationSupportsIndirectInputEvents = YES;
				INFOPLIST_KEY_UILaunchScreen_Generation = YES;
				INFOPLIST_KEY_UISupportedInterfaceOrientations_iPad = "UIInterfaceOrientationPortrait UIInterfaceOrientationPortraitUpsideDown UIInterfaceOrientationLandscapeLeft UIInterfaceOrientationLandscapeRight";
				INFOPLIST_KEY_UISupportedInterfaceOrientations_iPhone = "UIInterfaceOrientationPortrait UIInterfaceOrientationLandscapeLeft UIInterfaceOrientationLandscapeRight";
				LD_RUNPATH_SEARCH_PATHS = (
					"$(inherited)",
					"@executable_path/Frameworks",
				);
				MARKETING_VERSION = 1.0;
				PRODUCT_BUNDLE_IDENTIFIER = dev.drawiin.FinancesInfo;
				PRODUCT_NAME = "$(TARGET_NAME)";
				SWIFT_EMIT_LOC_STRINGS = YES;
				SWIFT_VERSION = 5.0;
				TARGETED_DEVICE_FAMILY = "1,2";
			};
			name = Debug;
		};
		3321CFB82ADC4E0B00BC440E /* Release */ = {
			isa = XCBuildConfiguration;
			buildSettings = {
				ASSETCATALOG_COMPILER_APPICON_NAME = AppIcon;
				ASSETCATALOG_COMPILER_GLOBAL_ACCENT_COLOR_NAME = AccentColor;
				CODE_SIGN_STYLE = Automatic;
				CURRENT_PROJECT_VERSION = 1;
				DEVELOPMENT_ASSET_PATHS = "\"FinancesInfo/Preview Content\"";
				ENABLE_PREVIEWS = YES;
				GENERATE_INFOPLIST_FILE = YES;
				INFOPLIST_KEY_UIApplicationSceneManifest_Generation = YES;
				INFOPLIST_KEY_UIApplicationSupportsIndirectInputEvents = YES;
				INFOPLIST_KEY_UILaunchScreen_Generation = YES;
				INFOPLIST_KEY_UISupportedInterfaceOrientations_iPad = "UIInterfaceOrientationPortrait UIInterfaceOrientationPortraitUpsideDown UIInterfaceOrientationLandscapeLeft UIInterfaceOrientationLandscapeRight";
				INFOPLIST_KEY_UISupportedInterfaceOrientations_iPhone = "UIInterfaceOrientationPortrait UIInterfaceOrientationLandscapeLeft UIInterfaceOrientationLandscapeRight";
				LD_RUNPATH_SEARCH_PATHS = (
					"$(inherited)",
					"@executable_path/Frameworks",
				);
				MARKETING_VERSION = 1.0;
				PRODUCT_BUNDLE_IDENTIFIER = dev.drawiin.FinancesInfo;
				PRODUCT_NAME = "$(TARGET_NAME)";
				SWIFT_EMIT_LOC_STRINGS = YES;
				SWIFT_VERSION = 5.0;
				TARGETED_DEVICE_FAMILY = "1,2";
			};
			name = Release;
		};
		3321CFBA2ADC4E0B00BC440E /* Debug */ = {
			isa = XCBuildConfiguration;
			buildSettings = {
				ALWAYS_EMBED_SWIFT_STANDARD_LIBRARIES = YES;
				BUNDLE_LOADER = "$(TEST_HOST)";
				CODE_SIGN_STYLE = Automatic;
				CURRENT_PROJECT_VERSION = 1;
				GENERATE_INFOPLIST_FILE = YES;
				IPHONEOS_DEPLOYMENT_TARGET = 17.0;
				MARKETING_VERSION = 1.0;
				PRODUCT_BUNDLE_IDENTIFIER = dev.drawiin.FinancesInfoTests;
				PRODUCT_NAME = "$(TARGET_NAME)";
				SWIFT_EMIT_LOC_STRINGS = NO;
				SWIFT_VERSION = 5.0;
				TARGETED_DEVICE_FAMILY = "1,2";
				TEST_HOST = "$(BUILT_PRODUCTS_DIR)/FinancesInfo.app/$(BUNDLE_EXECUTABLE_FOLDER_PATH)/FinancesInfo";
			};
			name = Debug;
		};
		3321CFBB2ADC4E0B00BC440E /* Release */ = {
			isa = XCBuildConfiguration;
			buildSettings = {
				ALWAYS_EMBED_SWIFT_STANDARD_LIBRARIES = YES;
				BUNDLE_LOADER = "$(TEST_HOST)";
				CODE_SIGN_STYLE = Automatic;
				CURRENT_PROJECT_VERSION = 1;
				GENERATE_INFOPLIST_FILE = YES;
				IPHONEOS_DEPLOYMENT_TARGET = 17.0;
				MARKETING_VERSION = 1.0;
				PRODUCT_BUNDLE_IDENTIFIER = dev.drawiin.FinancesInfoTests;
				PRODUCT_NAME = "$(TARGET_NAME)";
				SWIFT_EMIT_LOC_STRINGS = NO;
				SWIFT_VERSION = 5.0;
				TARGETED_DEVICE_FAMILY = "1,2";
				TEST_HOST = "$(BUILT_PRODUCTS_DIR)/FinancesInfo.app/$(BUNDLE_EXECUTABLE_FOLDER_PATH)/FinancesInfo";
			};
			name = Release;
		};
		3321CFBD2ADC4E0B00BC440E /* Debug */ = {
			isa = XCBuildConfiguration;
			buildSettings = {
				ALWAYS_EMBED_SWIFT_STANDARD_LIBRARIES = YES;
				CODE_SIGN_STYLE = Automatic;
				CURRENT_PROJECT_VERSION = 1;
				GENERATE_INFOPLIST_FILE = YES;
				MARKETING_VERSION = 1.0;
				PRODUCT_BUNDLE_IDENTIFIER = dev.drawiin.FinancesInfoUITests;
				PRODUCT_NAME = "$(TARGET_NAME)";
				SWIFT_EMIT_LOC_STRINGS = NO;
				SWIFT_VERSION = 5.0;
				TARGETED_DEVICE_FAMILY = "1,2";
				TEST_TARGET_NAME = FinancesInfo;
			};
			name = Debug;
		};
		3321CFBE2ADC4E0B00BC440E /* Release */ = {
			isa = XCBuildConfiguration;
			buildSettings = {
				ALWAYS_EMBED_SWIFT_STANDARD_LIBRARIES = YES;
				CODE_SIGN_STYLE = Automatic;
				CURRENT_PROJECT_VERSION = 1;
				GENERATE_INFOPLIST_FILE = YES;
				MARKETING_VERSION = 1.0;
				PRODUCT_BUNDLE_IDENTIFIER = dev.drawiin.FinancesInfoUITests;
				PRODUCT_NAME = "$(TARGET_NAME)";
				SWIFT_EMIT_LOC_STRINGS = NO;
				SWIFT_VERSION = 5.0;
				TARGETED_DEVICE_FAMILY = "1,2";
				TEST_TARGET_NAME = FinancesInfo;
			};
			name = Release;
		};
/* End XCBuildConfiguration section */

/* Begin XCConfigurationList section */
		3321CF8D2ADC4E0A00BC440E /* Build configuration list for PBXProject "FinancesInfo" */ = {
			isa = XCConfigurationList;
			buildConfigurations = (
				3321CFB42ADC4E0B00BC440E /* Debug */,
				3321CFB52ADC4E0B00BC440E /* Release */,
			);
			defaultConfigurationIsVisible = 0;
			defaultConfigurationName = Release;
		};
		3321CFB62ADC4E0B00BC440E /* Build configuration list for PBXNativeTarget "FinancesInfo" */ = {
			isa = XCConfigurationList;
			buildConfigurations = (
				3321CFB72ADC4E0B00BC440E /* Debug */,
				3321CFB82ADC4E0B00BC440E /* Release */,
			);
			defaultConfigurationIsVisible = 0;
			defaultConfigurationName = Release;
		};
		3321CFB92ADC4E0B00BC440E /* Build configuration list for PBXNativeTarget "FinancesInfoTests" */ = {
			isa = XCConfigurationList;
			buildConfigurations = (
				3321CFBA2ADC4E0B00BC440E /* Debug */,
				3321CFBB2ADC4E0B00BC440E /* Release */,
			);
			defaultConfigurationIsVisible = 0;
			defaultConfigurationName = Release;
		};
		3321CFBC2ADC4E0B00BC440E /* Build configuration list for PBXNativeTarget "FinancesInfoUITests" */ = {
			isa = XCConfigurationList;
			buildConfigurations = (
				3321CFBD2ADC4E0B00BC440E /* Debug */,
				3321CFBE2ADC4E0B00BC440E /* Release */,
			);
			defaultConfigurationIsVisible = 0;
			defaultConfigurationName = Release;
		};
/* End XCConfigurationList section */
	};
	rootObject = 3321CF8A2ADC4E0A00BC440E /* Project object */;
}
